
Microsoft Visual Studio Solution File, Format Version 12.00
# Visual Studio 15
VisualStudioVersion = 15.0.26228.64
MinimumVisualStudioVersion = 10.0.40219.1
Project("{9A19103F-16F7-4668-BE54-9A1E7A4F7556}") = "GeoDistanceAPI", "GeoDistanceAPI\GeoDistanceAPI.csproj", "{88BBEB7A-7E28-4DF2-B4DE-7333402077AE}"
EndProject
Project("{FAE04EC0-301F-11D3-BF4B-00C04F79EFBC}") = "TestGeoDistanceAPI", "TestGeoDistanceAPI\TestGeoDistanceAPI.csproj", "{3CE2416C-DDE1-45C3-A5C4-5B14A2FA373B}"
EndProject
Global
	GlobalSection(SolutionConfigurationPlatforms) = preSolution
		Debug|Any CPU = Debug|Any CPU
		Release|Any CPU = Release|Any CPU
	EndGlobalSection
	GlobalSection(ProjectConfigurationPlatforms) = postSolution
		{88BBEB7A-7E28-4DF2-B4DE-7333402077AE}.Debug|Any CPU.ActiveCfg = Debug|Any CPU
		{88BBEB7A-7E28-4DF2-B4DE-7333402077AE}.Debug|Any CPU.Build.0 = Debug|Any CPU
		{88BBEB7A-7E28-4DF2-B4DE-7333402077AE}.Release|Any CPU.ActiveCfg = Release|Any CPU
		{88BBEB7A-7E28-4DF2-B4DE-7333402077AE}.Release|Any CPU.Build.0 = Release|Any CPU
		{3CE2416C-DDE1-45C3-A5C4-5B14A2FA373B}.Debug|Any CPU.ActiveCfg = Debug|Any CPU
		{3CE2416C-DDE1-45C3-A5C4-5B14A2FA373B}.Debug|Any CPU.Build.0 = Debug|Any CPU
		{3CE2416C-DDE1-45C3-A5C4-5B14A2FA373B}.Release|Any CPU.ActiveCfg = Release|Any CPU
		{3CE2416C-DDE1-45C3-A5C4-5B14A2FA373B}.Release|Any CPU.Build.0 = Release|Any CPU
	EndGlobalSection
	GlobalSection(SolutionProperties) = preSolution
		HideSolutionNode = FALSE
	EndGlobalSection
EndGlobal
